
Microsoft Visual Studio Solution File, Format Version 12.00
# Visual Studio 15
VisualStudioVersion = 15.0.27703.2026
MinimumVisualStudioVersion = 10.0.40219.1
Project("{FAE04EC0-301F-11D3-BF4B-00C04F79EFBC}") = "VirajPatel_FinalProject", "VirajPatel_FinalProject\VirajPatel_FinalProject.csproj", "{75FBB260-C489-4A81-957D-2E76EE8E0D93}"
EndProject
Global
	GlobalSection(SolutionConfigurationPlatforms) = preSolution
		Debug|Any CPU = Debug|Any CPU
		Release|Any CPU = Release|Any CPU
	EndGlobalSection
	GlobalSection(ProjectConfigurationPlatforms) = postSolution
		{75FBB260-C489-4A81-957D-2E76EE8E0D93}.Debug|Any CPU.ActiveCfg = Debug|Any CPU
		{75FBB260-C489-4A81-957D-2E76EE8E0D93}.Debug|Any CPU.Build.0 = Debug|Any CPU
		{75FBB260-C489-4A81-957D-2E76EE8E0D93}.Release|Any CPU.ActiveCfg = Release|Any CPU
		{75FBB260-C489-4A81-957D-2E76EE8E0D93}.Release|Any CPU.Build.0 = Release|Any CPU
	EndGlobalSection
	GlobalSection(SolutionProperties) = preSolution
		HideSolutionNode = FALSE
	EndGlobalSection
	GlobalSection(ExtensibilityGlobals) = postSolution
		SolutionGuid = {C46BB67B-CF32-4C28-B7EB-AE1418DEAA5E}
	EndGlobalSection
EndGlobal
